
Microsoft Visual Studio Solution File, Format Version 12.00
# Visual Studio Version 17
VisualStudioVersion = 17.14.36408.4 d17.14
MinimumVisualStudioVersion = 10.0.40219.1
Project("{FAE04EC0-301F-11D3-BF4B-00C04F79EFBC}") = "WebApplication2", "WebApplication2\WebApplication2.csproj", "{F9002EFD-46DE-4350-B8E0-AFD985FBB10B}"
EndProject
Global
	GlobalSection(SolutionConfigurationPlatforms) = preSolution
		Debug|Any CPU = Debug|Any CPU
		Release|Any CPU = Release|Any CPU
	EndGlobalSection
	GlobalSection(ProjectConfigurationPlatforms) = postSolution
		{F9002EFD-46DE-4350-B8E0-AFD985FBB10B}.Debug|Any CPU.ActiveCfg = Debug|Any CPU
		{F9002EFD-46DE-4350-B8E0-AFD985FBB10B}.Debug|Any CPU.Build.0 = Debug|Any CPU
		{F9002EFD-46DE-4350-B8E0-AFD985FBB10B}.Release|Any CPU.ActiveCfg = Release|Any CPU
		{F9002EFD-46DE-4350-B8E0-AFD985FBB10B}.Release|Any CPU.Build.0 = Release|Any CPU
	EndGlobalSection
	GlobalSection(SolutionProperties) = preSolution
		HideSolutionNode = FALSE
	EndGlobalSection
	GlobalSection(ExtensibilityGlobals) = postSolution
		SolutionGuid = {6F1FE007-FBAF-4C9A-82C3-C2C14011CBCC}
	EndGlobalSection
EndGlobal
